
Microsoft Visual Studio Solution File, Format Version 12.00
# Visual Studio 15
VisualStudioVersion = 15.0.27428.2027
MinimumVisualStudioVersion = 10.0.40219.1
Project("{FAE04EC0-301F-11D3-BF4B-00C04F79EFBC}") = "MyApp.Web", "MyApp.Web\MyApp.Web.csproj", "{092596E7-1BAE-4291-8DC2-CAAA0C563D4A}"
EndProject
Project("{FAE04EC0-301F-11D3-BF4B-00C04F79EFBC}") = "MyApp.SqlServerModel", "MyApp.SqlServerModel\MyApp.SqlServerModel.csproj", "{4B31FB38-D39F-4D80-ABA8-C1E48FE668B5}"
EndProject
Global
	GlobalSection(SolutionConfigurationPlatforms) = preSolution
		Debug|Any CPU = Debug|Any CPU
		Release|Any CPU = Release|Any CPU
	EndGlobalSection
	GlobalSection(ProjectConfigurationPlatforms) = postSolution
		{092596E7-1BAE-4291-8DC2-CAAA0C563D4A}.Debug|Any CPU.ActiveCfg = Debug|Any CPU
		{092596E7-1BAE-4291-8DC2-CAAA0C563D4A}.Debug|Any CPU.Build.0 = Debug|Any CPU
		{092596E7-1BAE-4291-8DC2-CAAA0C563D4A}.Release|Any CPU.ActiveCfg = Release|Any CPU
		{092596E7-1BAE-4291-8DC2-CAAA0C563D4A}.Release|Any CPU.Build.0 = Release|Any CPU
		{4B31FB38-D39F-4D80-ABA8-C1E48FE668B5}.Debug|Any CPU.ActiveCfg = Debug|Any CPU
		{4B31FB38-D39F-4D80-ABA8-C1E48FE668B5}.Debug|Any CPU.Build.0 = Debug|Any CPU
		{4B31FB38-D39F-4D80-ABA8-C1E48FE668B5}.Release|Any CPU.ActiveCfg = Release|Any CPU
		{4B31FB38-D39F-4D80-ABA8-C1E48FE668B5}.Release|Any CPU.Build.0 = Release|Any CPU
	EndGlobalSection
	GlobalSection(SolutionProperties) = preSolution
		HideSolutionNode = FALSE
	EndGlobalSection
	GlobalSection(ExtensibilityGlobals) = postSolution
		SolutionGuid = {6F3F28C6-6E0C-406B-B980-20FB48F99910}
	EndGlobalSection
EndGlobal
